<?xml version="1.0" encoding="utf-8"?>
<Project ToolsVersion="4.0" xmlns="http://schemas.microsoft.com/developer/msbuild/2003">
  <ItemGroup>
    <ClInclude Include="Align.h" />
    <ClInclude Include="Atomic.h" />
    <ClInclude Include="StdTypes.h" />
    <ClInclude Include="Union.h" />
    <ClInclude Include="IEEE754.h" />
    <ClInclude Include="Hash.h" />
    <ClInclude Include="Memory.h" />
    <ClInclude Include="Assert.h" />
    <ClInclude Include="Print.h" />
    <ClInclude Include="Console.h" />
    <ClInclude Include="PermAllocator.h" />
    <ClInclude Include="HeapAllocator.h" />
    <ClInclude Include="Allocator.h" />
    <ClInclude Include="MemoryManager.h" />
  </ItemGroup>
  <ItemGroup>
    <ClCompile Include="Atomic.cpp" />
    <ClCompile Include="IEEE754.cpp" />
    <ClCompile Include="Hash.cpp" />
    <ClCompile Include="Memory.cpp" />
    <ClCompile Include="Assert.cpp" />
    <ClCompile Include="Print.cpp" />
    <ClCompile Include="Console.cpp" />
    <ClCompile Include="PermAllocator.cpp" />
    <ClCompile Include="HeapAllocator.cpp" />
    <ClCompile Include="Allocator.cpp" />
    <ClCompile Include="MemoryManager.cpp" />
  </ItemGroup>
</Project>