<?xml version="1.0" encoding="utf-8"?>
<Project ToolsVersion="4.0" xmlns="http://schemas.microsoft.com/developer/msbuild/2003">
  <ItemGroup>
    <ClInclude Include="..\Game\ComponentType1.h" />
    <ClInclude Include="..\Game\ComponentType2.h" />
    <ClInclude Include="..\Game\Transform.h" />
  </ItemGroup>
  <ItemGroup>
    <ClCompile Include="..\Game\ComponentType1.cpp" />
    <ClCompile Include="..\Game\ComponentType2.cpp" />
    <ClCompile Include="..\Game\Main.cpp" />
  </ItemGroup>
</Project>